
Microsoft Visual Studio Solution File, Format Version 12.00
# Visual Studio Version 16
VisualStudioVersion = 16.0.31424.327
MinimumVisualStudioVersion = 10.0.40219.1
Project("{FAE04EC0-301F-11D3-BF4B-00C04F79EFBC}") = "Mini", "Mini\Mini.csproj", "{18124BBA-E7DC-4354-9A02-1EB2D388B6F1}"
EndProject
Global
	GlobalSection(SolutionConfigurationPlatforms) = preSolution
		Debug|Any CPU = Debug|Any CPU
		Release|Any CPU = Release|Any CPU
	EndGlobalSection
	GlobalSection(ProjectConfigurationPlatforms) = postSolution
		{18124BBA-E7DC-4354-9A02-1EB2D388B6F1}.Debug|Any CPU.ActiveCfg = Debug|Any CPU
		{18124BBA-E7DC-4354-9A02-1EB2D388B6F1}.Debug|Any CPU.Build.0 = Debug|Any CPU
		{18124BBA-E7DC-4354-9A02-1EB2D388B6F1}.Release|Any CPU.ActiveCfg = Release|Any CPU
		{18124BBA-E7DC-4354-9A02-1EB2D388B6F1}.Release|Any CPU.Build.0 = Release|Any CPU
	EndGlobalSection
	GlobalSection(SolutionProperties) = preSolution
		HideSolutionNode = FALSE
	EndGlobalSection
	GlobalSection(ExtensibilityGlobals) = postSolution
		SolutionGuid = {FBCD6D8F-29C5-4123-BE65-80A5ED179BC1}
	EndGlobalSection
EndGlobal
